{
  "name": "@sweet-monads/either",
  "version": "1.3.0",
  "lockfileVersion": 1,
  "requires": true,
  "dependencies": {
    "@sweet-monads/interfaces": {
      "version": "1.2.0",
      "resolved": "https://registry.npmjs.org/@sweet-monads/interfaces/-/interfaces-1.2.0.tgz",
      "integrity": "sha512-N59NkTkY2sGLfC/hcbOztRUn7AiabXvpSB6DtJWhxwppq2HPcR9HclvArHPU8Zbsy6ZnulN1r/pQrpX8IDR3Kw=="
    }
  }
}
