{
  "name": "@sweet-monads/iterator",
  "version": "1.3.1",
  "lockfileVersion": 1,
  "requires": true,
  "dependencies": {
    "@sweet-monads/interfaces": {
      "version": "1.2.0",
      "resolved": "https://registry.npmjs.org/@sweet-monads/interfaces/-/interfaces-1.2.0.tgz",
      "integrity": "sha512-N59NkTkY2sGLfC/hcbOztRUn7AiabXvpSB6DtJWhxwppq2HPcR9HclvArHPU8Zbsy6ZnulN1r/pQrpX8IDR3Kw=="
    },
    "@sweet-monads/maybe": {
      "version": "1.3.1",
      "resolved": "https://registry.npmjs.org/@sweet-monads/maybe/-/maybe-1.3.1.tgz",
      "integrity": "sha512-FSOmSyOT+rw3Ii2rN+g79H4OItPPlwEBHdd0L5YzOWwwC0e1D/JELkBQvpNrj2Z3/DX2DJ0Nmn8ZGHr2QWmIzg==",
      "requires": {
        "@sweet-monads/interfaces": "^1.2.0"
      }
    }
  }
}
